{
  "name": "use-query-issue",
  "version": "0.0.8",
  "lockfileVersion": 2,
  "requires": true,
  "packages": {
    "": {
      "name": "use-query-issue",
      "version": "0.0.8",
      "license": "ISC",
      "devDependencies": {
        "@tanstack/react-query": "^4.6.1",
        "@types/node": "^18.7.18",
        "@types/react": "^18.0.20",
        "axios": "^0.27.2",
        "next": "^12.3.1",
        "react": "^17.0.1",
        "react-dom": "^17.0.1",
        "typescript": "^4.8.3"
      },
      "peerDependencies": {
        "@tanstack/react-query": "^4.6.1",
        "axios": "^0.27.2",
        "next": "^12.3.1",
        "react": "^17.0.1",
        "react-dom": "^17.0.1"
      }
    },
    "node_modules/@next/env": {
      "version": "12.3.1",
      "dev": true,
      "license": "MIT"
    },
    "node_modules/@next/swc-android-arm-eabi": {
      "dev": true,
      "optional": true
    },
    "node_modules/@next/swc-android-arm64": {
      "dev": true,
      "optional": true
    },
    "node_modules/@next/swc-darwin-arm64": {
      "version": "12.3.1",
      "cpu": [
        "arm64"
      ],
      "dev": true,
      "license": "MIT",
      "optional": true,
      "os": [
        "darwin"
      ],
      "engines": {
        "node": ">= 10"
      }
    },
    "node_modules/@next/swc-darwin-x64": {
      "dev": true,
      "optional": true
    },
    "node_modules/@next/swc-freebsd-x64": {
      "dev": true,
      "optional": true
    },
    "node_modules/@next/swc-linux-arm-gnueabihf": {
      "dev": true,
      "optional": true
    },
    "node_modules/@next/swc-linux-arm64-gnu": {
      "dev": true,
      "optional": true
    },
    "node_modules/@next/swc-linux-arm64-musl": {
      "dev": true,
      "optional": true
    },
    "node_modules/@next/swc-linux-x64-gnu": {
      "dev": true,
      "optional": true
    },
    "node_modules/@next/swc-linux-x64-musl": {
      "dev": true,
      "optional": true
    },
    "node_modules/@next/swc-win32-arm64-msvc": {
      "dev": true,
      "optional": true
    },
    "node_modules/@next/swc-win32-ia32-msvc": {
      "dev": true,
      "optional": true
    },
    "node_modules/@next/swc-win32-x64-msvc": {
      "dev": true,
      "optional": true
    },
    "node_modules/@swc/helpers": {
      "version": "0.4.11",
      "dev": true,
      "license": "MIT",
      "dependencies": {
        "tslib": "^2.4.0"
      }
    },
    "node_modules/@tanstack/query-core": {
      "version": "4.7.1",
      "dev": true,
      "license": "MIT",
      "funding": {
        "type": "github",
        "url": "https://github.com/sponsors/tannerlinsley"
      }
    },
    "node_modules/@tanstack/react-query": {
      "version": "4.7.1",
      "dev": true,
      "license": "MIT",
      "dependencies": {
        "@tanstack/query-core": "4.7.1",
        "use-sync-external-store": "^1.2.0"
      },
      "funding": {
        "type": "github",
        "url": "https://github.com/sponsors/tannerlinsley"
      },
      "peerDependencies": {
        "react": "^16.8.0 || ^17.0.0 || ^18.0.0",
        "react-dom": "^16.8.0 || ^17.0.0 || ^18.0.0",
        "react-native": "*"
      },
      "peerDependenciesMeta": {
        "react-dom": {
          "optional": true
        },
        "react-native": {
          "optional": true
        }
      }
    },
    "node_modules/@types/node": {
      "version": "18.7.23",
      "dev": true,
      "license": "MIT"
    },
    "node_modules/@types/prop-types": {
      "version": "15.7.5",
      "dev": true,
      "license": "MIT"
    },
    "node_modules/@types/react": {
      "version": "18.0.21",
      "dev": true,
      "license": "MIT",
      "dependencies": {
        "@types/prop-types": "*",
        "@types/scheduler": "*",
        "csstype": "^3.0.2"
      }
    },
    "node_modules/@types/scheduler": {
      "version": "0.16.2",
      "dev": true,
      "license": "MIT"
    },
    "node_modules/asynckit": {
      "version": "0.4.0",
      "dev": true,
      "license": "MIT"
    },
    "node_modules/axios": {
      "version": "0.27.2",
      "dev": true,
      "license": "MIT",
      "dependencies": {
        "follow-redirects": "^1.14.9",
        "form-data": "^4.0.0"
      }
    },
    "node_modules/caniuse-lite": {
      "version": "1.0.30001412",
      "dev": true,
      "funding": [
        {
          "type": "opencollective",
          "url": "https://opencollective.com/browserslist"
        },
        {
          "type": "tidelift",
          "url": "https://tidelift.com/funding/github/npm/caniuse-lite"
        }
      ],
      "license": "CC-BY-4.0"
    },
    "node_modules/combined-stream": {
      "version": "1.0.8",
      "dev": true,
      "license": "MIT",
      "dependencies": {
        "delayed-stream": "~1.0.0"
      },
      "engines": {
        "node": ">= 0.8"
      }
    },
    "node_modules/csstype": {
      "version": "3.1.1",
      "dev": true,
      "license": "MIT"
    },
    "node_modules/delayed-stream": {
      "version": "1.0.0",
      "dev": true,
      "license": "MIT",
      "engines": {
        "node": ">=0.4.0"
      }
    },
    "node_modules/follow-redirects": {
      "version": "1.15.2",
      "dev": true,
      "funding": [
        {
          "type": "individual",
          "url": "https://github.com/sponsors/RubenVerborgh"
        }
      ],
      "license": "MIT",
      "engines": {
        "node": ">=4.0"
      },
      "peerDependenciesMeta": {
        "debug": {
          "optional": true
        }
      }
    },
    "node_modules/form-data": {
      "version": "4.0.0",
      "dev": true,
      "license": "MIT",
      "dependencies": {
        "asynckit": "^0.4.0",
        "combined-stream": "^1.0.8",
        "mime-types": "^2.1.12"
      },
      "engines": {
        "node": ">= 6"
      }
    },
    "node_modules/js-tokens": {
      "version": "4.0.0",
      "dev": true,
      "license": "MIT"
    },
    "node_modules/loose-envify": {
      "version": "1.4.0",
      "dev": true,
      "license": "MIT",
      "dependencies": {
        "js-tokens": "^3.0.0 || ^4.0.0"
      },
      "bin": {
        "loose-envify": "cli.js"
      }
    },
    "node_modules/mime-db": {
      "version": "1.52.0",
      "dev": true,
      "license": "MIT",
      "engines": {
        "node": ">= 0.6"
      }
    },
    "node_modules/mime-types": {
      "version": "2.1.35",
      "dev": true,
      "license": "MIT",
      "dependencies": {
        "mime-db": "1.52.0"
      },
      "engines": {
        "node": ">= 0.6"
      }
    },
    "node_modules/nanoid": {
      "version": "3.3.4",
      "dev": true,
      "license": "MIT",
      "bin": {
        "nanoid": "bin/nanoid.cjs"
      },
      "engines": {
        "node": "^10 || ^12 || ^13.7 || ^14 || >=15.0.1"
      }
    },
    "node_modules/next": {
      "version": "12.3.1",
      "dev": true,
      "license": "MIT",
      "dependencies": {
        "@next/env": "12.3.1",
        "@swc/helpers": "0.4.11",
        "caniuse-lite": "^1.0.30001406",
        "postcss": "8.4.14",
        "styled-jsx": "5.0.7",
        "use-sync-external-store": "1.2.0"
      },
      "bin": {
        "next": "dist/bin/next"
      },
      "engines": {
        "node": ">=12.22.0"
      },
      "optionalDependencies": {
        "@next/swc-android-arm-eabi": "12.3.1",
        "@next/swc-android-arm64": "12.3.1",
        "@next/swc-darwin-arm64": "12.3.1",
        "@next/swc-darwin-x64": "12.3.1",
        "@next/swc-freebsd-x64": "12.3.1",
        "@next/swc-linux-arm-gnueabihf": "12.3.1",
        "@next/swc-linux-arm64-gnu": "12.3.1",
        "@next/swc-linux-arm64-musl": "12.3.1",
        "@next/swc-linux-x64-gnu": "12.3.1",
        "@next/swc-linux-x64-musl": "12.3.1",
        "@next/swc-win32-arm64-msvc": "12.3.1",
        "@next/swc-win32-ia32-msvc": "12.3.1",
        "@next/swc-win32-x64-msvc": "12.3.1"
      },
      "peerDependencies": {
        "fibers": ">= 3.1.0",
        "node-sass": "^6.0.0 || ^7.0.0",
        "react": "^17.0.2 || ^18.0.0-0",
        "react-dom": "^17.0.2 || ^18.0.0-0",
        "sass": "^1.3.0"
      },
      "peerDependenciesMeta": {
        "fibers": {
          "optional": true
        },
        "node-sass": {
          "optional": true
        },
        "sass": {
          "optional": true
        }
      }
    },
    "node_modules/object-assign": {
      "version": "4.1.1",
      "dev": true,
      "license": "MIT",
      "engines": {
        "node": ">=0.10.0"
      }
    },
    "node_modules/picocolors": {
      "version": "1.0.0",
      "dev": true,
      "license": "ISC"
    },
    "node_modules/postcss": {
      "version": "8.4.14",
      "dev": true,
      "funding": [
        {
          "type": "opencollective",
          "url": "https://opencollective.com/postcss/"
        },
        {
          "type": "tidelift",
          "url": "https://tidelift.com/funding/github/npm/postcss"
        }
      ],
      "license": "MIT",
      "dependencies": {
        "nanoid": "^3.3.4",
        "picocolors": "^1.0.0",
        "source-map-js": "^1.0.2"
      },
      "engines": {
        "node": "^10 || ^12 || >=14"
      }
    },
    "node_modules/react": {
      "version": "17.0.2",
      "dev": true,
      "license": "MIT",
      "dependencies": {
        "loose-envify": "^1.1.0",
        "object-assign": "^4.1.1"
      },
      "engines": {
        "node": ">=0.10.0"
      }
    },
    "node_modules/react-dom": {
      "version": "17.0.2",
      "dev": true,
      "license": "MIT",
      "dependencies": {
        "loose-envify": "^1.1.0",
        "object-assign": "^4.1.1",
        "scheduler": "^0.20.2"
      },
      "peerDependencies": {
        "react": "17.0.2"
      }
    },
    "node_modules/scheduler": {
      "version": "0.20.2",
      "dev": true,
      "license": "MIT",
      "dependencies": {
        "loose-envify": "^1.1.0",
        "object-assign": "^4.1.1"
      }
    },
    "node_modules/source-map-js": {
      "version": "1.0.2",
      "dev": true,
      "license": "BSD-3-Clause",
      "engines": {
        "node": ">=0.10.0"
      }
    },
    "node_modules/styled-jsx": {
      "version": "5.0.7",
      "dev": true,
      "license": "MIT",
      "engines": {
        "node": ">= 12.0.0"
      },
      "peerDependencies": {
        "react": ">= 16.8.0 || 17.x.x || ^18.0.0-0"
      },
      "peerDependenciesMeta": {
        "@babel/core": {
          "optional": true
        },
        "babel-plugin-macros": {
          "optional": true
        }
      }
    },
    "node_modules/tslib": {
      "version": "2.4.0",
      "dev": true,
      "license": "0BSD"
    },
    "node_modules/typescript": {
      "version": "4.8.4",
      "resolved": "https://registry.npmjs.org/typescript/-/typescript-4.8.4.tgz",
      "integrity": "sha512-QCh+85mCy+h0IGff8r5XWzOVSbBO+KfeYrMQh7NJ58QujwcE22u+NUSmUxqF+un70P9GXKxa2HCNiTTMJknyjQ==",
      "dev": true,
      "bin": {
        "tsc": "bin/tsc",
        "tsserver": "bin/tsserver"
      },
      "engines": {
        "node": ">=4.2.0"
      }
    },
    "node_modules/use-sync-external-store": {
      "version": "1.2.0",
      "dev": true,
      "license": "MIT",
      "peerDependencies": {
        "react": "^16.8.0 || ^17.0.0 || ^18.0.0"
      }
    }
  },
  "dependencies": {
    "@next/env": {
      "version": "12.3.1",
      "dev": true
    },
    "@next/swc-android-arm-eabi": {
      "dev": true,
      "optional": true
    },
    "@next/swc-android-arm64": {
      "dev": true,
      "optional": true
    },
    "@next/swc-darwin-arm64": {
      "version": "12.3.1",
      "dev": true,
      "optional": true
    },
    "@next/swc-darwin-x64": {
      "dev": true,
      "optional": true
    },
    "@next/swc-freebsd-x64": {
      "dev": true,
      "optional": true
    },
    "@next/swc-linux-arm-gnueabihf": {
      "dev": true,
      "optional": true
    },
    "@next/swc-linux-arm64-gnu": {
      "dev": true,
      "optional": true
    },
    "@next/swc-linux-arm64-musl": {
      "dev": true,
      "optional": true
    },
    "@next/swc-linux-x64-gnu": {
      "dev": true,
      "optional": true
    },
    "@next/swc-linux-x64-musl": {
      "dev": true,
      "optional": true
    },
    "@next/swc-win32-arm64-msvc": {
      "dev": true,
      "optional": true
    },
    "@next/swc-win32-ia32-msvc": {
      "dev": true,
      "optional": true
    },
    "@next/swc-win32-x64-msvc": {
      "dev": true,
      "optional": true
    },
    "@swc/helpers": {
      "version": "0.4.11",
      "dev": true,
      "requires": {
        "tslib": "^2.4.0"
      }
    },
    "@tanstack/query-core": {
      "version": "4.7.1",
      "dev": true
    },
    "@tanstack/react-query": {
      "version": "4.7.1",
      "dev": true,
      "requires": {
        "@tanstack/query-core": "4.7.1",
        "use-sync-external-store": "^1.2.0"
      }
    },
    "@types/node": {
      "version": "18.7.23",
      "dev": true
    },
    "@types/prop-types": {
      "version": "15.7.5",
      "dev": true
    },
    "@types/react": {
      "version": "18.0.21",
      "dev": true,
      "requires": {
        "@types/prop-types": "*",
        "@types/scheduler": "*",
        "csstype": "^3.0.2"
      }
    },
    "@types/scheduler": {
      "version": "0.16.2",
      "dev": true
    },
    "asynckit": {
      "version": "0.4.0",
      "dev": true
    },
    "axios": {
      "version": "0.27.2",
      "dev": true,
      "requires": {
        "follow-redirects": "^1.14.9",
        "form-data": "^4.0.0"
      }
    },
    "caniuse-lite": {
      "version": "1.0.30001412",
      "dev": true
    },
    "combined-stream": {
      "version": "1.0.8",
      "dev": true,
      "requires": {
        "delayed-stream": "~1.0.0"
      }
    },
    "csstype": {
      "version": "3.1.1",
      "dev": true
    },
    "delayed-stream": {
      "version": "1.0.0",
      "dev": true
    },
    "follow-redirects": {
      "version": "1.15.2",
      "dev": true
    },
    "form-data": {
      "version": "4.0.0",
      "dev": true,
      "requires": {
        "asynckit": "^0.4.0",
        "combined-stream": "^1.0.8",
        "mime-types": "^2.1.12"
      }
    },
    "js-tokens": {
      "version": "4.0.0",
      "dev": true
    },
    "loose-envify": {
      "version": "1.4.0",
      "dev": true,
      "requires": {
        "js-tokens": "^3.0.0 || ^4.0.0"
      }
    },
    "mime-db": {
      "version": "1.52.0",
      "dev": true
    },
    "mime-types": {
      "version": "2.1.35",
      "dev": true,
      "requires": {
        "mime-db": "1.52.0"
      }
    },
    "nanoid": {
      "version": "3.3.4",
      "dev": true
    },
    "next": {
      "version": "12.3.1",
      "dev": true,
      "requires": {
        "@next/env": "12.3.1",
        "@next/swc-android-arm-eabi": "12.3.1",
        "@next/swc-android-arm64": "12.3.1",
        "@next/swc-darwin-arm64": "12.3.1",
        "@next/swc-darwin-x64": "12.3.1",
        "@next/swc-freebsd-x64": "12.3.1",
        "@next/swc-linux-arm-gnueabihf": "12.3.1",
        "@next/swc-linux-arm64-gnu": "12.3.1",
        "@next/swc-linux-arm64-musl": "12.3.1",
        "@next/swc-linux-x64-gnu": "12.3.1",
        "@next/swc-linux-x64-musl": "12.3.1",
        "@next/swc-win32-arm64-msvc": "12.3.1",
        "@next/swc-win32-ia32-msvc": "12.3.1",
        "@next/swc-win32-x64-msvc": "12.3.1",
        "@swc/helpers": "0.4.11",
        "caniuse-lite": "^1.0.30001406",
        "postcss": "8.4.14",
        "styled-jsx": "5.0.7",
        "use-sync-external-store": "1.2.0"
      }
    },
    "object-assign": {
      "version": "4.1.1",
      "dev": true
    },
    "picocolors": {
      "version": "1.0.0",
      "dev": true
    },
    "postcss": {
      "version": "8.4.14",
      "dev": true,
      "requires": {
        "nanoid": "^3.3.4",
        "picocolors": "^1.0.0",
        "source-map-js": "^1.0.2"
      }
    },
    "react": {
      "version": "17.0.2",
      "dev": true,
      "requires": {
        "loose-envify": "^1.1.0",
        "object-assign": "^4.1.1"
      }
    },
    "react-dom": {
      "version": "17.0.2",
      "dev": true,
      "requires": {
        "loose-envify": "^1.1.0",
        "object-assign": "^4.1.1",
        "scheduler": "^0.20.2"
      }
    },
    "scheduler": {
      "version": "0.20.2",
      "dev": true,
      "requires": {
        "loose-envify": "^1.1.0",
        "object-assign": "^4.1.1"
      }
    },
    "source-map-js": {
      "version": "1.0.2",
      "dev": true
    },
    "styled-jsx": {
      "version": "5.0.7",
      "dev": true,
      "requires": {}
    },
    "tslib": {
      "version": "2.4.0",
      "dev": true
    },
    "typescript": {
      "version": "4.8.4",
      "resolved": "https://registry.npmjs.org/typescript/-/typescript-4.8.4.tgz",
      "integrity": "sha512-QCh+85mCy+h0IGff8r5XWzOVSbBO+KfeYrMQh7NJ58QujwcE22u+NUSmUxqF+un70P9GXKxa2HCNiTTMJknyjQ==",
      "dev": true
    },
    "use-sync-external-store": {
      "version": "1.2.0",
      "dev": true,
      "requires": {}
    }
  }
}
